{
    "_readme": [
        "This file locks the dependencies of your project to a known state",
        "Read more about it at https://getcomposer.org/doc/01-basic-usage.md#composer-lock-the-lock-file",
        "This file is @generated automatically"
    ],
    "content-hash": "5ffa6e1f154e096abb91781c9f539469",
    "packages": [
        {
            "name": "webdevstudios/cmb2",
            "version": "dev-trunk",
            "source": {
                "type": "git",
                "url": "https://github.com/CMB2/CMB2.git",
                "reference": "7699bdc96dc8537a673f195f875d337f91547e4f"
            },
            "dist": {
                "type": "zip",
                "url": "https://api.github.com/repos/CMB2/CMB2/zipball/7699bdc96dc8537a673f195f875d337f91547e4f",
                "reference": "7699bdc96dc8537a673f195f875d337f91547e4f",
                "shasum": ""
            },
            "require": {
                "php": ">5.2.4"
            },
            "require-dev": {
                "phpunit/phpunit": "3.7.*"
            },
            "suggest": {
                "composer/installers": "~1.0"
            },
            "type": "wordpress-plugin",
            "notification-url": "https://packagist.org/downloads/",
            "license": [
                "GPL-2.0+"
            ],
            "authors": [
                {
                    "name": "WebDevStudios",
                    "email": "contact@webdevstudios.com",
                    "homepage": "https://github.com/WebDevStudios",
                    "role": "Developer"
                },
                {
                    "name": "Justin Sternberg",
                    "email": "justin@dsgnwrks.pro",
                    "homepage": "https://dsgnwrks.pro",
                    "role": "Developer"
                },
                {
                    "name": "Zao",
                    "email": "office@zao.com",
                    "homepage": "http://zao.is",
                    "role": "Developer"
                }
            ],
            "description": "CMB2 is a metabox, custom fields, and forms library for WordPress that will blow your mind.",
            "homepage": "https://github.com/CMB2/CMB2",
            "keywords": [
                "metabox",
                "plugin",
                "wordpress"
            ],
            "time": "2017-04-24 14:50:44"
        },
        {
            "name": "webdevstudios/cpt-core",
            "version": "dev-master",
            "source": {
                "type": "git",
                "url": "https://github.com/WebDevStudios/CPT_Core.git",
                "reference": "1f856e619a20c96f093f6916b4e6fa522d851b7c"
            },
            "dist": {
                "type": "zip",
                "url": "https://api.github.com/repos/WebDevStudios/CPT_Core/zipball/1f856e619a20c96f093f6916b4e6fa522d851b7c",
                "reference": "1f856e619a20c96f093f6916b4e6fa522d851b7c",
                "shasum": ""
            },
            "suggest": {
                "composer/installers": "~1.0"
            },
            "type": "wordpress-plugin",
            "autoload": {
                "files": [
                    "CPT_Core.php"
                ]
            },
            "notification-url": "https://packagist.org/downloads/",
            "license": [
                "GPLv2"
            ],
            "authors": [
                {
                    "name": "WebDevStudios",
                    "email": "contact@webdevstudios.com",
                    "homepage": "https://github.com/WebDevStudios",
                    "role": "Developer"
                }
            ],
            "description": "WordPress Custom Post Type OO wrapper",
            "homepage": "https://github.com/WebDevStudios/CPT_Core",
            "keywords": [
                "metabox",
                "plugin",
                "wordpress"
            ],
            "time": "2017-03-24 16:06:06"
        },
        {
            "name": "webdevstudios/taxonomy_core",
            "version": "dev-master",
            "source": {
                "type": "git",
                "url": "https://github.com/WebDevStudios/Taxonomy_Core.git",
                "reference": "80393ecb126d24ef3940ab7fa06635fe782701d8"
            },
            "dist": {
                "type": "zip",
                "url": "https://api.github.com/repos/WebDevStudios/Taxonomy_Core/zipball/80393ecb126d24ef3940ab7fa06635fe782701d8",
                "reference": "80393ecb126d24ef3940ab7fa06635fe782701d8",
                "shasum": ""
            },
            "type": "library",
            "autoload": {
                "files": [
                    "Taxonomy_Core.php"
                ]
            },
            "notification-url": "https://packagist.org/downloads/",
            "license": [
                "GPLv2"
            ],
            "authors": [
                {
                    "name": "WebDevStudios",
                    "email": "contact@webdevstudios.com"
                }
            ],
            "description": "A tool to make custom taxonomy registration just a bit simpler. Automatically registers taxonomy labels, and provides helpful methods.",
            "time": "2016-02-27 20:21:38"
        }
    ],
    "packages-dev": [],
    "aliases": [],
    "minimum-stability": "dev",
    "stability-flags": {
        "webdevstudios/cmb2": 20,
        "webdevstudios/cpt-core": 20,
        "webdevstudios/taxonomy_core": 20
    },
    "prefer-stable": false,
    "prefer-lowest": false,
    "platform": [],
    "platform-dev": []
}
